{"1.1.0",
[{<<"accept">>,{pkg,<<"accept">>,<<"0.3.3">>},2},
 {<<"acceptor_pool">>,{pkg,<<"acceptor_pool">>,<<"1.0.0-rc.0">>},2},
 {<<"art">>,
  {git,"git@gitlab.com:leapsight/art.git",
       {ref,"cc245b505d6f2078d520e49f39161aa2cbd8be93"}},
  0},
 {<<"base64url">>,{pkg,<<"base64url">>,<<"0.0.1">>},1},
 {<<"bear">>,{pkg,<<"bear">>,<<"0.8.5">>},2},
 {<<"bert">>,{pkg,<<"bert">>,<<"0.1.0">>},0},
 {<<"certifi">>,{pkg,<<"certifi">>,<<"2.3.1">>},1},
 {<<"chash">>,{pkg,<<"chash">>,<<"0.1.2">>},1},
 {<<"clique">>,{pkg,<<"clique">>,<<"3.0.1">>},0},
 {<<"counters">>,{pkg,<<"counters">>,<<"0.2.0">>},1},
 {<<"cowboy">>,
  {git,"https://github.com/ninenines/cowboy.git",
       {ref,"28d3515d716d32d1700fa21e904c613c139d4019"}},
  0},
 {<<"cowlib">>,
  {git,"https://github.com/ninenines/cowlib",
       {ref,"56a3fee151340212c1b7a92344e4ece07fc15010"}},
  1},
 {<<"ctx">>,{pkg,<<"ctx">>,<<"0.4.1">>},1},
 {<<"cuttlefish">>,{pkg,<<"cuttlefish">>,<<"2.1.4">>},0},
 {<<"eleveldb">>,{pkg,<<"eleveldb">>,<<"2.2.20">>},1},
 {<<"erlang_term">>,{pkg,<<"erlang_term">>,<<"1.7.2">>},0},
 {<<"eunit_formatters">>,
  {git,"git://github.com/seancribbs/eunit_formatters",
       {ref,"6818dc14fe5d90d2561b1fa8ab8aea523a900128"}},
  1},
 {<<"exometer_core">>,{pkg,<<"exometer_core">>,<<"1.5.2">>},0},
 {<<"flake">>,
  {git,"https://github.com/Leapsight/flake.git",
       {ref,"252ce62edcb7f437b18981fb1b20669570d1aef7"}},
  0},
 {<<"folsom">>,{pkg,<<"folsom">>,<<"0.8.7">>},1},
 {<<"getopt">>,{pkg,<<"getopt">>,<<"1.0.1">>},1},
 {<<"goldrush">>,{pkg,<<"goldrush">>,<<"0.1.9">>},1},
 {<<"gproc">>,{pkg,<<"gproc">>,<<"0.6.1">>},1},
 {<<"hackney">>,{pkg,<<"hackney">>,<<"1.12.1">>},0},
 {<<"hut">>,{pkg,<<"hut">>,<<"1.2.0">>},1},
 {<<"idna">>,{pkg,<<"idna">>,<<"5.1.1">>},1},
 {<<"jobs">>,
  {git,"https://github.com/uwiger/jobs.git",
       {ref,"624c28b0197d3e8cd5026ff5337f49c3526597b4"}},
  1},
 {<<"jose">>,{pkg,<<"jose">>,<<"1.8.4">>},0},
 {<<"jsx">>,{pkg,<<"jsx">>,<<"2.9.0">>},0},
 {<<"lager">>,{pkg,<<"lager">>,<<"3.6.4">>},0},
 {<<"lasp_support">>,{pkg,<<"lasp_support">>,<<"0.0.3">>},2},
 {<<"leap">>,
  {git,"git@gitlab.com:leapsight/leap.git",
       {ref,"b7cc3d3b6cd18cd185309dc6f1ce06e816c34ff1"}},
  0},
 {<<"metrics">>,{pkg,<<"metrics">>,<<"1.0.1">>},1},
 {<<"mimerl">>,{pkg,<<"mimerl">>,<<"1.0.2">>},1},
 {<<"msgpack">>,{pkg,<<"msgpack">>,<<"0.7.0">>},0},
 {<<"observer_cli">>,{pkg,<<"observer_cli">>,<<"1.3.3">>},0},
 {<<"opencensus">>,
  {git,"https://github.com/census-instrumentation/opencensus-erlang.git",
       {ref,"4169cfb0311c823f4411325fff2193bda3faa3d5"}},
  0},
 {<<"parse_trans">>,{pkg,<<"parse_trans">>,<<"3.2.0">>},0},
 {<<"partisan">>,
  {git,"https://github.com/Leapsight/partisan.git",
       {ref,"8f1e8bdbede932e58d2bef40c702ee692950728f"}},
  1},
 {<<"pbkdf2">>,{pkg,<<"pbkdf2">>,<<"2.0.0">>},0},
 {<<"plum_db">>,
  {git,"git@gitlab.com:leapsight/plum_db.git",
       {ref,"2771241c061a8e5abfa11436c54a99a0facb451e"}},
  0},
 {<<"plumtree">>,
  {git,"https://github.com/lasp-lang/plumtree.git",
       {ref,"b76a5e0b71f7846529d583169ea14a9e823a7d31"}},
  1},
 {<<"prometheus">>,{pkg,<<"prometheus">>,<<"3.4.6">>},0},
 {<<"prometheus_cowboy">>,
  {git,"https://github.com/deadtrickster/prometheus-cowboy.git",
       {ref,"9ea655cdeee11f47cd230b238b35568110a5e121"}},
  0},
 {<<"prometheus_httpd">>,{pkg,<<"prometheus_httpd">>,<<"2.1.8">>},1},
 {<<"quickrand">>,{pkg,<<"quickrand">>,<<"1.7.3">>},1},
 {<<"ranch">>,
  {git,"https://github.com/ninenines/ranch.git",
       {ref,"ca26ed23bab9fa2cbea11a48636addb096e91bb7"}},
  0},
 {<<"rand_compat">>,{pkg,<<"rand_compat">>,<<"0.0.3">>},2},
 {<<"recon">>,{pkg,<<"recon">>,<<"2.3.6">>},1},
 {<<"redbug">>,{pkg,<<"redbug">>,<<"1.1.2">>},0},
 {<<"rfc3339">>,{pkg,<<"rfc3339">>,<<"0.9.0">>},2},
 {<<"setup">>,{pkg,<<"setup">>,<<"1.8.4">>},1},
 {<<"sext">>,{pkg,<<"sext">>,<<"1.4.1">>},1},
 {<<"sidejob">>,{pkg,<<"sidejob">>,<<"2.1.0">>},0},
 {<<"ssl_verify_fun">>,{pkg,<<"ssl_verify_fun">>,<<"1.1.1">>},1},
 {<<"time_compat">>,{pkg,<<"time_compat">>,<<"0.0.1">>},2},
 {<<"tuplespace">>,
  {git,"git@gitlab.com:leapsight/tuplespace.git",
       {ref,"a2ea5b1c2aa0217c1fdd39fb0a3892d7e83b8151"}},
  0},
 {<<"types">>,{pkg,<<"types">>,<<"0.1.6">>},2},
 {<<"unicode_util_compat">>,{pkg,<<"unicode_util_compat">>,<<"0.3.1">>},2},
 {<<"utils">>,
  {git,"git@gitlab.com:leapsight/utils.git",
       {ref,"b4c3e7fde7c515587c67905fb78690c1f5fb8d31"}},
  0},
 {<<"uuid">>,{pkg,<<"uuid_erl">>,<<"1.7.0">>},0},
 {<<"wamp">>,
  {git,"git@gitlab.com:leapsight/wamp.git",
       {ref,"076a902e15f9785c602f34463edea182f270fe04"}},
  0},
 {<<"wts">>,{pkg,<<"wts">>,<<"0.3.0">>},1}]}.
[
{pkg_hash,[
 {<<"accept">>, <<"548EBB6FB2E8B0D170E75BB6123AEA6CEECB0189BB1231EEADF52EAC08384A97">>},
 {<<"acceptor_pool">>, <<"679D741DF87FC13599B1AEF2DF8F78F1F880449A6BEFAB7C44FB6FAE0E92A2DE">>},
 {<<"base64url">>, <<"36A90125F5948E3AFD7BE97662A1504B934DD5DAC78451CA6E9ABF85A10286BE">>},
 {<<"bear">>, <<"E95FCA1627CD9E15BAF93CE0A52AFF16917BAF325F0EE65B88CD715376CD2344">>},
 {<<"bert">>, <<"A87D6693515070A9B287C1043CB7E5B2406BE0357685022764BFBD2609703555">>},
 {<<"certifi">>, <<"D0F424232390BF47D82DA8478022301C561CF6445B5B5FB6A84D49A9E76D2639">>},
 {<<"chash">>, <<"AF02484F2640C653C4B9A8557A14CA0704989DBEDB27E7CCBC442F1903A3BCA7">>},
 {<<"clique">>, <<"8C88F2349C7C550D3A2F44E63C30128782B724B0987084370A120700C3EA7564">>},
 {<<"counters">>, <<"EF00F33404FDD9BD233F9B7966233222469E4560DBE1C712EA2E1AB63BB8FEFD">>},
 {<<"ctx">>, <<"E4297DD25CCDE992BC7DE298F514BEACD0A44FAA9126A1F2567306D94C519A13">>},
 {<<"cuttlefish">>, <<"1DFF2DA7BBB67B4EF887CDA643FB112231EA08706220D34C38CB8FE25EED7F6E">>},
 {<<"eleveldb">>, <<"1FFF63A5055BBF4BF821F797EF76065882B193F5E8095F95FCD9287187773B58">>},
 {<<"erlang_term">>, <<"316B376106F83864F6078AC5D2A68DEC1FE5AF489302583E8F53CA7CB18486D7">>},
 {<<"exometer_core">>, <<"62A99A361BA8A14D53857D4C716A191E810299D2F43C5C981EB7B086C0BFCCE1">>},
 {<<"folsom">>, <<"A885F0AEEE4C84270954C88A55A5A473D6B2C7493E32FFDC5765412DD555A951">>},
 {<<"getopt">>, <<"C73A9FA687B217F2FF79F68A3B637711BB1936E712B521D8CE466B29CBF7808A">>},
 {<<"goldrush">>, <<"F06E5D5F1277DA5C413E84D5A2924174182FB108DABB39D5EC548B27424CD106">>},
 {<<"gproc">>, <<"4579663E5677970758A05D8F65D13C3E9814EC707AD51D8DCEF7294EDA1A730C">>},
 {<<"hackney">>, <<"8BF2D0E11E722E533903FE126E14D6E7E94D9B7983CED595B75F532E04B7FDC7">>},
 {<<"hut">>, <<"0089DF0FAA2827C605BBADA88153F24FFF5EA7A4BE32ECF0250A7FDC2719CAFB">>},
 {<<"idna">>, <<"CBC3B2FA1645113267CC59C760BAFA64B2EA0334635EF06DBAC8801E42F7279C">>},
 {<<"jose">>, <<"7946D1E5C03A76AC9EF42A6E6A20001D35987AFD68C2107BCD8F01A84E75AA73">>},
 {<<"jsx">>, <<"D2F6E5F069C00266CAD52FB15D87C428579EA4D7D73A33669E12679E203329DD">>},
 {<<"lager">>, <<"CED6E98070FB4E58EE93174D006D46479C79844DF7FC17FA4FEFC1049A320D88">>},
 {<<"lasp_support">>, <<"C1B7E1A472037AE82C71D2D16A10B7D644A621B66AE5AFE834CECF170F2E9169">>},
 {<<"metrics">>, <<"25F094DEA2CDA98213CECC3AEFF09E940299D950904393B2A29D191C346A8486">>},
 {<<"mimerl">>, <<"993F9B0E084083405ED8252B99460C4F0563E41729AB42D9074FD5E52439BE88">>},
 {<<"msgpack">>, <<"128AE0A2227C7E7A2847C0F0F73551C268464F8C1EE96BFFB920BC0A5712B295">>},
 {<<"observer_cli">>, <<"50E98C89FDE44C5B797D602D893EA30F7EE1B45B4D01AEAA3EA742D6B98B1EEE">>},
 {<<"parse_trans">>, <<"2ADFA4DAF80C14DC36F522CF190EB5C4EE3E28008FC6394397C16F62A26258C2">>},
 {<<"pbkdf2">>, <<"11C23279FDED5C0027AB3996CFAE77805521D7EF4BABDE2BD7EC04A9086CF499">>},
 {<<"prometheus">>, <<"647BD8D31D2C8D0647C88ADC9724E3A4840FC22D79D0864814F2B6C7E7DD49B2">>},
 {<<"prometheus_httpd">>, <<"8F4B83712FCFF5870F1B6664E6FA4F1C2EE2C72729FB04D46445C77DE65802F6">>},
 {<<"quickrand">>, <<"0E4FB48FAC904FE0C6E21D7E8C31A288A0700E1E81A35B38B649FC119079755D">>},
 {<<"rand_compat">>, <<"011646BC1F0B0C432FE101B816F25B9BBB74A085713CEE1DAFD2D62E9415EAD3">>},
 {<<"recon">>, <<"2BCAD0CF621FB277CABBB6413159CD3AA30265C2DEE42C968697988B30108604">>},
 {<<"redbug">>, <<"CD2ABE4E4AAE6A0EF5069E03B08D9FD7DEA4A103E5821801D8F28C41EE82F5CF">>},
 {<<"rfc3339">>, <<"2075653DC9407541C84B1E15F8BDA2ABE95FB17C9694025E079583F2D19C1060">>},
 {<<"setup">>, <<"738DB0685DC1741F45C6A9BF78478E0D5877F3D0876C0B50FD02F0210EDB5AA4">>},
 {<<"sext">>, <<"14559B219FAF11F9EBA7A350DFFC69C966C668439C54947A42D67167002798C4">>},
 {<<"sidejob">>, <<"5D6A7C9C620778CB1908E46B552D767DF2ED4D77070BB7B5B8773D4FF18D1D37">>},
 {<<"ssl_verify_fun">>, <<"28A4D65B7F59893BC2C7DE786DEC1E1555BD742D336043FE644AE956C3497FBE">>},
 {<<"time_compat">>, <<"23FE0AD1FDF3B5B88821B2D04B4B5E865BF587AE66056D671FE0F53514ED8139">>},
 {<<"types">>, <<"03BB7140016C896D3441A77CB0B7D6ACAA583D6D6E9C4A3E1FD3C25123710290">>},
 {<<"unicode_util_compat">>, <<"A1F612A7B512638634A603C8F401892AFBF99B8CE93A45041F8AACA99CADB85E">>},
 {<<"uuid">>, <<"EB803855E12D57B1CC10522781D1B42064FA2E4C576731700EE48D84A9283292">>},
 {<<"wts">>, <<"5CDF22C775CB1EBAE24C326A5DB6074D753C42F4BD12A9AA47CC62D3E2C71AD1">>}]}
].
