[{<<"bear">>,{pkg,<<"bear">>,<<"0.8.3">>},2},
 {<<"certifi">>,{pkg,<<"certifi">>,<<"0.4.0">>},1},
 {<<"cf">>,{pkg,<<"cf">>,<<"0.2.1">>},2},
 {<<"cowboy">>,
  {git,"https://github.com/ninenines/cowboy.git",
       {ref,"dbb636034f20736e16eb9d6c809217c9525b6cbd"}},
  0},
 {<<"cowlib">>,
  {git,"https://github.com/ninenines/cowlib",
       {ref,"8cf98c9f3d1292c1b08fca5ca99772ae912eaa86"}},
  1},
 {<<"edown">>,{pkg,<<"edown">>,<<"0.7.0">>},2},
 {<<"eleveldb">>,
  {git,"git://github.com/helium/eleveldb.git",
       {ref,"7ae3114306fe564152e245157cb38cf39b383995"}},
  1},
 {<<"erlang_localtime">>,{pkg,<<"erlang_localtime">>,<<"1.0.0">>},1},
 {<<"erlware_commons">>,{pkg,<<"erlware_commons">>,<<"0.20.0">>},1},
 {<<"exometer_core">>,{pkg,<<"exometer_core">>,<<"1.0.0">>},0},
 {<<"folsom">>,{pkg,<<"folsom">>,<<"0.8.3">>},1},
 {<<"goldrush">>,{pkg,<<"goldrush">>,<<"0.1.7">>},1},
 {<<"hackney">>,{pkg,<<"hackney">>,<<"1.6.0">>},0},
 {<<"idna">>,{pkg,<<"idna">>,<<"1.2.0">>},1},
 {<<"jsx">>,{pkg,<<"jsx">>,<<"2.8.0">>},0},
 {<<"lager">>,{pkg,<<"lager">>,<<"3.0.2">>},0},
 {<<"lasp_support">>,
  {git,"git://github.com/lasp-lang/lasp_support.git",
       {ref,"f682f79801d3573db86bc55d849529a2a98edcfc"}},
  1},
 {<<"metrics">>,{pkg,<<"metrics">>,<<"1.0.1">>},1},
 {<<"mimerl">>,{pkg,<<"mimerl">>,<<"1.0.2">>},1},
 {<<"msgpack">>,{pkg,<<"msgpack">>,<<"0.5.0">>},0},
 {<<"parse_trans">>,{pkg,<<"parse_trans">>,<<"2.9.0">>},1},
 {<<"pbkdf2">>,{pkg,<<"pbkdf2">>,<<"2.0.0">>},0},
 {<<"plumtree">>,
  {git,"https://github.com/helium/plumtree.git",
       {ref,"aa3f265b80e399ddb97c5b229f20d1bc37828556"}},
  0},
 {<<"qdate">>,{pkg,<<"qdate">>,<<"0.4.3">>},0},
 {<<"ranch">>,
  {git,"https://github.com/ninenines/ranch",
       {ref,"741bfb73ca663394ecf7a73410506d66f01985a6"}},
  1},
 {<<"riak_dt">>,
  {git,"git://github.com/basho/riak_dt.git",
       {ref,"f7981d4ad7407ddc085f133f204dd71bf9d50c56"}},
  1},
 {<<"setup">>,{pkg,<<"setup">>,<<"1.7.0">>},1},
 {<<"sidejob">>,{pkg,<<"sidejob">>,<<"2.0.0">>},0},
 {<<"ssl_verify_fun">>,{pkg,<<"ssl_verify_fun">>,<<"1.1.0">>},1},
 {<<"time_compat">>,
  {git,"git://github.com/lasp-lang/time_compat.git",
       {ref,"adfae4409187cc1a9f79028986e92e8730b5eda5"}},
  1},
 {<<"tuplespace">>,
  {git,"git@gitlab.com:leapsight/tuplespace.git",
       {ref,"33d701e0dbb7148d09db8e65798fcf27704a50d2"}},
  0},
 {<<"wamp">>,
  {git,"git@gitlab.com:leapsight/wamp.git",
       {ref,"631ee12c75ef20f1a2e5544f06ba0fdc351b256b"}},
  0}].
