{"1.2.0",
[{<<"accept">>,{pkg,<<"accept">>,<<"0.3.5">>},2},
 {<<"acceptor_pool">>,{pkg,<<"acceptor_pool">>,<<"1.0.0">>},2},
 {<<"app_config">>,
  {git,"https://gitlab.com/leapsight/app_config.git",
       {ref,"e6a4dc99c0c9f17a6d4d865e40aefc409986f849"}},
  1},
 {<<"art">>,
  {git,"https://gitlab.com/leapsight/art.git",
       {ref,"a116d6eb5c8dc7d44e74b26b919404f56827cdb9"}},
  0},
 {<<"backoff">>,{pkg,<<"backoff">>,<<"1.1.6">>},0},
 {<<"base62">>,
  {git,"https://gitlab.com/leapsight/base62.git",
       {ref,"6e1c622c2e9bba51fadba44fa050d4b4ae706890"}},
  2},
 {<<"bear">>,{pkg,<<"bear">>,<<"1.0.0">>},0},
 {<<"bert">>,{pkg,<<"bert">>,<<"0.1.0">>},0},
 {<<"brod">>,
  {git,"https://github.com/klarna/brod.git",
       {ref,"5d9f189623070f4927cb88af563552695b305fce"}},
  0},
 {<<"certifi">>,{pkg,<<"certifi">>,<<"2.6.1">>},1},
 {<<"cowboy">>,{pkg,<<"cowboy">>,<<"2.9.0">>},0},
 {<<"cowlib">>,{pkg,<<"cowlib">>,<<"2.11.0">>},1},
 {<<"crc32cer">>,{pkg,<<"crc32cer">>,<<"0.1.8">>},2},
 {<<"eleveldb">>,
  {git,"https://github.com/Leapsight/eleveldb.git",
       {ref,"002e6baa58923f02a98a362650a336ea9e18e06f"}},
  1},
 {<<"enacl">>,{pkg,<<"enacl">>,<<"1.1.1">>},0},
 {<<"eunit_formatters">>,
  {git,"git://github.com/seancribbs/eunit_formatters",
       {ref,"473e0cd89bf5608e97886a3bdf9047a16edc88f0"}},
  1},
 {<<"goldrush">>,{pkg,<<"goldrush">>,<<"0.1.9">>},1},
 {<<"gproc">>,
  {git,"https://github.com/Leapsight/gproc.git",
       {ref,"e5c8e5a023ad62db4ab562010b3765b217c9cb55"}},
  1},
 {<<"hackney">>,{pkg,<<"hackney">>,<<"1.17.4">>},0},
 {<<"hash">>,
  {git,"https://github.com/fogfish/hash",
       {ref,"a1b9101189e115b4eabbe941639f3c626614e986"}},
  0},
 {<<"idna">>,{pkg,<<"idna">>,<<"6.1.1">>},1},
 {<<"jobs">>,{pkg,<<"jobs">>,<<"0.10.0">>},0},
 {<<"jose">>,
  {git,"https://github.com/potatosalad/erlang-jose.git",
       {ref,"991649695aaccd92c8effb1c1e88e6159fe8e9a6"}},
  0},
 {<<"jsone">>,{pkg,<<"jsone">>,<<"1.6.1">>},1},
 {<<"kafka_protocol">>,{pkg,<<"kafka_protocol">>,<<"4.0.1">>},1},
 {<<"key_value">>,
  {git,"https://gitlab.com/leapsight/key_value.git",
       {ref,"414fb19cd067b368666ceb5a2a63f1f24109562b"}},
  1},
 {<<"ksuid">>,
  {git,"https://gitlab.com/leapsight/ksuid.git",
       {ref,"a5016017edd1e99d46c9a6d4c348cb818e542b13"}},
  1},
 {<<"lager">>,{pkg,<<"lager">>,<<"3.9.2">>},0},
 {<<"lasp_support">>,{pkg,<<"lasp_support">>,<<"0.0.3">>},2},
 {<<"leap">>,
  {git,"https://gitlab.com/leapsight/leap.git",
       {ref,"5dcd5c162704048bcd3d37e9ffc7b83f70d66b77"}},
  0},
 {<<"logger_colorful">>,{pkg,<<"logger_colorful">>,<<"0.1.0">>},0},
 {<<"meck">>,{pkg,<<"meck">>,<<"0.9.2">>},1},
 {<<"metrics">>,{pkg,<<"metrics">>,<<"1.0.1">>},1},
 {<<"mimerl">>,{pkg,<<"mimerl">>,<<"1.2.0">>},1},
 {<<"mops">>,
  {git,"https://gitlab.com/leapsight/mops.git",
       {ref,"3955142d3720dc5b7a481e28124a2c5421dcd078"}},
  0},
 {<<"msgpack">>,{pkg,<<"msgpack">>,<<"0.7.0">>},0},
 {<<"observer_cli">>,{pkg,<<"observer_cli">>,<<"1.7.1">>},0},
 {<<"p1_utils">>,{pkg,<<"p1_utils">>,<<"1.0.23">>},1},
 {<<"parse_trans">>,{pkg,<<"parse_trans">>,<<"3.4.1">>},0},
 {<<"partisan">>,
  {git,"https://github.com/Leapsight/partisan.git",
       {ref,"807835d83b84a6150e5b4b3e892ae293f3ba6226"}},
  1},
 {<<"pbkdf2">>,
  {git,"https://github.com/leapsight-oss/erlang-pbkdf2.git",
       {ref,"84f964b1875b047c3ad93d43cc350c45d6e27f9c"}},
  0},
 {<<"plum_db">>,
  {git,"https://gitlab.com/leapsight/plum_db.git",
       {ref,"61664aa115fd5ee0dfe98a6f32f3063fe61e23c5"}},
  0},
 {<<"plumtree">>,
  {git,"https://github.com/aramallo/plumtree.git",
       {ref,"cd40f18a3eb7e61b6efc6cdb811d48373286ae35"}},
  1},
 {<<"prometheus">>,{pkg,<<"prometheus">>,<<"4.8.1">>},0},
 {<<"prometheus_cowboy">>,{pkg,<<"prometheus_cowboy">>,<<"0.1.8">>},0},
 {<<"prometheus_httpd">>,{pkg,<<"prometheus_httpd">>,<<"2.1.11">>},1},
 {<<"quantile_estimator">>,{pkg,<<"quantile_estimator">>,<<"0.2.1">>},1},
 {<<"quickrand">>,{pkg,<<"quickrand">>,<<"2.0.2">>},1},
 {<<"ranch">>,{pkg,<<"ranch">>,<<"1.8.0">>},1},
 {<<"rand_compat">>,{pkg,<<"rand_compat">>,<<"0.0.3">>},2},
 {<<"recon">>,{pkg,<<"recon">>,<<"2.5.1">>},1},
 {<<"redbug">>,{pkg,<<"redbug">>,<<"2.0.7">>},0},
 {<<"setup">>,{pkg,<<"setup">>,<<"2.1.0">>},1},
 {<<"sext">>,{pkg,<<"sext">>,<<"1.5.0">>},1},
 {<<"sidejob">>,{pkg,<<"sidejob">>,<<"2.1.0">>},0},
 {<<"snappyer">>,{pkg,<<"snappyer">>,<<"1.2.8">>},1},
 {<<"ssl_verify_fun">>,{pkg,<<"ssl_verify_fun">>,<<"1.1.6">>},1},
 {<<"stringprep">>,{pkg,<<"stringprep">>,<<"1.0.27">>},0},
 {<<"supervisor3">>,{pkg,<<"supervisor3">>,<<"1.1.11">>},1},
 {<<"telemetry">>,{pkg,<<"telemetry">>,<<"1.0.0">>},0},
 {<<"time_compat">>,{pkg,<<"time_compat">>,<<"0.0.1">>},2},
 {<<"tuplespace">>,
  {git,"https://gitlab.com/leapsight/tuplespace.git",
       {ref,"859c7e4eabbc9f8532a6ee418f025fec410f4f1a"}},
  0},
 {<<"types">>,{pkg,<<"types">>,<<"0.1.6">>},2},
 {<<"unicode_util_compat">>,{pkg,<<"unicode_util_compat">>,<<"0.7.0">>},1},
 {<<"utils">>,
  {git,"https://gitlab.com/leapsight/utils.git",
       {ref,"d6c9164e2cc937929bc97469981ac5633f1eed28"}},
  0},
 {<<"uuid">>,{pkg,<<"uuid_erl">>,<<"2.0.2">>},0},
 {<<"wamp">>,
  {git,"https://gitlab.com/leapsight/wamp.git",
       {ref,"de31a23d40338784a0b6a544c5041921866fe997"}},
  0}]}.
[
{pkg_hash,[
 {<<"accept">>, <<"B33B127ABCA7CC948BBE6CAA4C263369ABF1347CFA9D8E699C6D214660F10CD1">>},
 {<<"acceptor_pool">>, <<"43C20D2ACAE35F0C2BCD64F9D2BDE267E459F0F3FD23DAB26485BF518C281B21">>},
 {<<"backoff">>, <<"83B72ED2108BA1EE8F7D1C22E0B4A00CFE3593A67DBC792799E8CCE9F42F796B">>},
 {<<"bear">>, <<"430419C1126B477686CDE843E88BA0F2C7DC5CDF0881C677500074F704339A99">>},
 {<<"bert">>, <<"A87D6693515070A9B287C1043CB7E5B2406BE0357685022764BFBD2609703555">>},
 {<<"certifi">>, <<"DBAB8E5E155A0763EEA978C913CA280A6B544BFA115633FA20249C3D396D9493">>},
 {<<"cowboy">>, <<"865DD8B6607E14CF03282E10E934023A1BD8BE6F6BACF921A7E2A96D800CD452">>},
 {<<"cowlib">>, <<"0B9FF9C346629256C42EBE1EEB769A83C6CB771A6EE5960BD110AB0B9B872063">>},
 {<<"crc32cer">>, <<"C6C2275C5FB60A95F4935D414F30B50EE9CFED494081C9B36EBB02EDFC2F48DB">>},
 {<<"enacl">>, <<"F65DC64D9BFF2D8A534CB77AEF14DA5E7A2FA148987D87856F79A4745C9C2627">>},
 {<<"goldrush">>, <<"F06E5D5F1277DA5C413E84D5A2924174182FB108DABB39D5EC548B27424CD106">>},
 {<<"hackney">>, <<"99DA4674592504D3FB0CFEF0DB84C3BA02B4508BAE2DFF8C0108BAA0D6E0977C">>},
 {<<"idna">>, <<"8A63070E9F7D0C62EB9D9FCB360A7DE382448200FBBD1B106CC96D3D8099DF8D">>},
 {<<"jobs">>, <<"329C024A889249EA8262D0EF70BC7A498B7C96DA95977EBD026B13B069FB0E13">>},
 {<<"jsone">>, <<"7EA1098FE004C4127320FE0E3CF6A951B01F82039FEAA56C322DC7E34DD59762">>},
 {<<"kafka_protocol">>, <<"FC696880C73483C8B032C4BB60F2873046035C7824E1EDCB924CFCE643CF23DD">>},
 {<<"lager">>, <<"4CAB289120EB24964E3886BD22323CB5FEFE4510C076992A23AD18CF85413D8C">>},
 {<<"lasp_support">>, <<"C1B7E1A472037AE82C71D2D16A10B7D644A621B66AE5AFE834CECF170F2E9169">>},
 {<<"logger_colorful">>, <<"548A7F21C7F2F6713CD2E1A7B1323B2AD712E11AE5913D2FB05BE6F34B799081">>},
 {<<"meck">>, <<"85CCBAB053F1DB86C7CA240E9FC718170EE5BDA03810A6292B5306BF31BAE5F5">>},
 {<<"metrics">>, <<"25F094DEA2CDA98213CECC3AEFF09E940299D950904393B2A29D191C346A8486">>},
 {<<"mimerl">>, <<"67E2D3F571088D5CFD3E550C383094B47159F3EEE8FFA08E64106CDF5E981BE3">>},
 {<<"msgpack">>, <<"128AE0A2227C7E7A2847C0F0F73551C268464F8C1EE96BFFB920BC0A5712B295">>},
 {<<"observer_cli">>, <<"C9CA1F623A3EF0158283A3C37CD7B7235BFE85927AD6E26396DD247E2057F5A1">>},
 {<<"p1_utils">>, <<"7F94466ADA69BD982EA7BB80FBCA18E7053E7D0B82C9D9E37621FA508587069B">>},
 {<<"parse_trans">>, <<"6E6AA8167CB44CC8F39441D05193BE6E6F4E7C2946CB2759F015F8C56B76E5FF">>},
 {<<"prometheus">>, <<"FA76B152555273739C14B06F09F485CF6D5D301FE4E9D31B7FF803D26025D7A0">>},
 {<<"prometheus_cowboy">>, <<"CFCE0BC7B668C5096639084FCD873826E6220EA714BF60A716F5BD080EF2A99C">>},
 {<<"prometheus_httpd">>, <<"F616ED9B85B536B195D94104063025A91F904A4CFC20255363F49A197D96C896">>},
 {<<"quantile_estimator">>, <<"EF50A361F11B5F26B5F16D0696E46A9E4661756492C981F7B2229EF42FF1CD15">>},
 {<<"quickrand">>, <<"1D73FAA52E0C149FCBC72A63C26135FF68BE8FA7870675C73645896788A7540C">>},
 {<<"ranch">>, <<"8C7A100A139FD57F17327B6413E4167AC559FBC04CA7448E9BE9057311597A1D">>},
 {<<"rand_compat">>, <<"011646BC1F0B0C432FE101B816F25B9BBB74A085713CEE1DAFD2D62E9415EAD3">>},
 {<<"recon">>, <<"430FFA60685AC1EFDFB1FE4C97B8767C92D0D92E6E7C3E8621559BA77598678A">>},
 {<<"redbug">>, <<"40F477681E4957A1EBCE19B23A9B53CD8113DA6133014C506E3E194A6E4FFC89">>},
 {<<"setup">>, <<"05F69185A5EB71474C9BC6BA892565651EC7507791F85632B7B914DBFE130510">>},
 {<<"sext">>, <<"07D5D516DAA4C437B2F7DB99F6B2728C8AF939313479B1BEDC1995BB15936236">>},
 {<<"sidejob">>, <<"5D6A7C9C620778CB1908E46B552D767DF2ED4D77070BB7B5B8773D4FF18D1D37">>},
 {<<"snappyer">>, <<"201CE9067A33C71A6A5087C0C3A49A010B17112D461E6DF696C722DCB6D0934A">>},
 {<<"ssl_verify_fun">>, <<"CF344F5692C82D2CD7554F5EC8FD961548D4FD09E7D22F5B62482E5AEAEBD4B0">>},
 {<<"stringprep">>, <<"02808C7024BC6285CA6A8A67E7ADDFC16F35DDA55551A582C5181D8EA960E890">>},
 {<<"supervisor3">>, <<"D81CDEC31D102FDE407423E1D05B569572850DEEBED86B951D5233C387CBA80B">>},
 {<<"telemetry">>, <<"0F453A102CDF13D506B7C0AB158324C337C41F1CC7548F0BC0E130BBF0AE9452">>},
 {<<"time_compat">>, <<"23FE0AD1FDF3B5B88821B2D04B4B5E865BF587AE66056D671FE0F53514ED8139">>},
 {<<"types">>, <<"03BB7140016C896D3441A77CB0B7D6ACAA583D6D6E9C4A3E1FD3C25123710290">>},
 {<<"unicode_util_compat">>, <<"BC84380C9AB48177092F43AC89E4DFA2C6D62B40B8BD132B1059ECC7232F9A78">>},
 {<<"uuid">>, <<"0D1CA9D94CA3B058467BCE20B7706CC816A2BDBBE0574DD008936AE97EA4EBE7">>}]},
{pkg_hash_ext,[
 {<<"accept">>, <<"11B18C220BCC2EAB63B5470C038EF10EB6783BCB1FCDB11AA4137DEFA5AC1BB8">>},
 {<<"acceptor_pool">>, <<"0CBCD83FDC8B9AD2EEE2067EF8B91A14858A5883CB7CD800E6FCD5803E158788">>},
 {<<"backoff">>, <<"CF0CFFF8995FB20562F822E5CC47D8CCF664C5ECDC26A684CBE85C225F9D7C39">>},
 {<<"bear">>, <<"157B67901ADF84FF0DA6EAE035CA1292A0AC18AA55148154D8C582B2C68959DB">>},
 {<<"bert">>, <<"2A561521EC3529B248658A3E2D3D4BFE6729B0AB8291C701BF15EF413EDA1506">>},
 {<<"certifi">>, <<"524C97B4991B3849DD5C17A631223896272C6B0AF446778BA4675A1DFF53BB7E">>},
 {<<"cowboy">>, <<"2C729F934B4E1AA149AFF882F57C6372C15399A20D54F65C8D67BEF583021BDE">>},
 {<<"cowlib">>, <<"2B3E9DA0B21C4565751A6D4901C20D1B4CC25CBB7FD50D91D2AB6DD287BC86A9">>},
 {<<"crc32cer">>, <<"251499085482920DEB6C9B7AADABF9FB4C432F96ADD97AB42AEE4501E5B6F591">>},
 {<<"enacl">>, <<"60D329AC3976008F774E21ABA254671104976D61A792287615BB26816F09EA0F">>},
 {<<"goldrush">>, <<"99CB4128CFFCB3227581E5D4D803D5413FA643F4EB96523F77D9E6937D994CEB">>},
 {<<"hackney">>, <<"DE16FF4996556C8548D512F4DBE22DD58A587BF3332E7FD362430A7EF3986B16">>},
 {<<"idna">>, <<"92376EB7894412ED19AC475E4A86F7B413C1B9FBB5BD16DCCD57934157944CEA">>},
 {<<"jobs">>, <<"09D486146BD32897726BB1F63DD95D1EB7F6F5A4C21C38CA58AB1646E8229724">>},
 {<<"jsone">>, <<"A6C1DF6081DF742068D2ED747A4FE8A7740C56421B53E02BC9D4907DD3502922">>},
 {<<"kafka_protocol">>, <<"687BFD9989998EC8FBBC3ED50D1239A6C07A7DC15B52914AD477413B89ECB621">>},
 {<<"lager">>, <<"7F904D9E87A8CB7E66156ED31768D1C8E26EBA1D54F4BC85B1AA4AC1F6340C28">>},
 {<<"lasp_support">>, <<"4C8EF19BBF947D9674FAFB2F4B4462CC9B3BB33B5CD4E0049826540EFEE96810">>},
 {<<"logger_colorful">>, <<"D2A11586B2311FF2CC4B2C38835FE8C8768D2087AE9BF7D9EA80C8C33E92689D">>},
 {<<"meck">>, <<"81344F561357DC40A8344AFA53767C32669153355B626EA9FCBC8DA6B3045826">>},
 {<<"metrics">>, <<"69B09ADDDC4F74A40716AE54D140F93BEB0FB8978D8636EADED0C31B6F099F16">>},
 {<<"mimerl">>, <<"F278585650AA581986264638EBF698F8BB19DF297F66AD91B18910DFC6E19323">>},
 {<<"msgpack">>, <<"4649353DA003E6F438D105E4B1E0F17757F6F5EC8687A6F30875FF3AC4CE2A51">>},
 {<<"observer_cli">>, <<"4CCAFAAA2CE01B85DDD14591F4D5F6731B4E13B610A70FB841F0701178478280">>},
 {<<"p1_utils">>, <<"47F21618694EEEE5006AF1C88731AD86B757161E7823C29B6F73921B571C8502">>},
 {<<"parse_trans">>, <<"620A406CE75DADA827B82E453C19CF06776BE266F5A67CFF34E1EF2CBB60E49A">>},
 {<<"prometheus">>, <<"6EDFBE928D271C7F657A6F2C46258738086584BD6CAE4A000B8B9A6009BA23A5">>},
 {<<"prometheus_cowboy">>, <<"BA286BECA9302618418892D37BCD5DC669A6CC001F4EB6D6AF85FF81F3F4F34C">>},
 {<<"prometheus_httpd">>, <<"0BBE831452CFDF9588538EB2F570B26F30C348ADAE5E95A7D87F35A5910BCF92">>},
 {<<"quantile_estimator">>, <<"282A8A323CA2A845C9E6F787D166348F776C1D4A41EDE63046D72D422E3DA946">>},
 {<<"quickrand">>, <<"E21C6C7F29CA995468662085CA54D7D09E861C180A9DFEC2CF4A2E75364A16D6">>},
 {<<"ranch">>, <<"49FBCFD3682FAB1F5D109351B61257676DA1A2FDBE295904176D5E521A2DDFE5">>},
 {<<"rand_compat">>, <<"CDF7BE2B17308EC245B912C45FE55741F93B6E4F1A24BA6074F7137B0CC09BF4">>},
 {<<"recon">>, <<"5721C6B6D50122D8F68CCCAC712CAA1231F97894BAB779EFF5FF0F886CB44648">>},
 {<<"redbug">>, <<"3624FEB7A4B78FD9AE0E66CC3158FE7422770AD6987A1EBF8DF4D3303B1C4B0C">>},
 {<<"setup">>, <<"EFD072578F0CF85BEA96CAAFFC7ADB0992398272522660A136E10567377071C5">>},
 {<<"sext">>, <<"A81E9A673CC4573A76A633BFC4CE52E6798D4A6122D480E3CED27F40C6460D72">>},
 {<<"sidejob">>, <<"6DC3DAC041C8C07C64401ECD22684730DA1497F5F14377B3CA9C5B2B9A135181">>},
 {<<"snappyer">>, <<"35518E79A28548B56D8FD6AEE2F565F12F51C2D3D053F9CFA817C83BE88C4F3D">>},
 {<<"ssl_verify_fun">>, <<"BDB0D2471F453C88FF3908E7686F86F9BE327D065CC1EC16FA4540197EA04680">>},
 {<<"stringprep">>, <<"A5967B1144CA8002A58A03D16DD109FBD0BCDB82616CEAD2F983944314AF6A00">>},
 {<<"supervisor3">>, <<"E6C2DEDBCABCBA24995A218ACA12DB5E208B80D3252692B22EF0F1A266104B50">>},
 {<<"telemetry">>, <<"73BC09FA59B4A0284EFB4624335583C528E07EC9AE76ACA96EA0673850AEC57A">>},
 {<<"time_compat">>, <<"161D6B38AC9EE5AE508C76428A55B10CE44DD27FB43AB9722F702867086829E8">>},
 {<<"types">>, <<"9EC262DD986E80EACB7E49D61F33D672BF0AFA57FA33C653FCC858FA2DF9FCE7">>},
 {<<"unicode_util_compat">>, <<"25EEE6D67DF61960CF6A794239566599B09E17E668D3700247BC498638152521">>},
 {<<"uuid">>, <<"4866CA7B3BD0265BC371590DCD0FE2832FC08588A071B72D07E09E23F163D0D6">>}]}
].
