{"1.2.0",
[{<<"app_config">>,
  {git,"https://github.com/leapsight/app_config.git",
       {ref,"6c4aee8fc3d08b59e22183a530cb4ce29d4b348b"}},
  3},
 {<<"base62">>,
  {git,"https://github.com/leapsight/base62.git",
       {ref,"6e1c622c2e9bba51fadba44fa050d4b4ae706890"}},
  5},
 {<<"bloomfi">>,
  {git,"https://github.com/Leapsight/bloomfi.git",
       {ref,"d09a310876ea82e49aa984d8d385725918c8d7c1"}},
  3},
 {<<"bondy_mst">>,
  {git,"https://github.com/bondy-io/bondy_mst.git",
       {ref,"385cd3880dd4806b86a9e258229fb4e8863c6706"}},
  2},
 {<<"cowboy">>,{pkg,<<"cowboy">>,<<"2.13.0">>},0},
 {<<"cowlib">>,{pkg,<<"cowlib">>,<<"2.16.1">>},1},
 {<<"eqwalizer_support">>,
  {git_subdir,"https://github.com/OpenRiak/eqwalizer.git",
              {ref,"759af3c1ab1062bcafbc4a528634f958d85a69f0"},
              "eqwalizer_support"},
  2},
 {<<"ezstd">>,
  {git,"https://github.com/OpenRiak/zstd-erlang",
       {ref,"c55be8e288949ab19067c0aa9f7d098fd4119468"}},
  2},
 {<<"jsx">>,{pkg,<<"jsx">>,<<"3.1.0">>},0},
 {<<"key_value">>,
  {git,"https://github.com/leapsight/key_value.git",
       {ref,"cf0143bf3a91c1d41ace9ef938e314307c80bd1f"}},
  3},
 {<<"ksuid">>,
  {git,"https://github.com/leapsight/ksuid.git",
       {ref,"315e954846ec5f8d300bec52b88aca60015a9bc2"}},
  4},
 {<<"leveled">>,
  {git,"https://github.com/OpenRiak/leveled.git",
       {ref,"6be86b6274ef8e4d5f44d1786697f06f19fa01c6"}},
  1},
 {<<"lz4">>,
  {git,"https://github.com/OpenRiak/erlang-lz4",
       {ref,"29d286efa361b3338846aa2113d142d993cc6138"}},
  2},
 {<<"maps_utils">>,
  {git,"https://github.com/Leapsight/maps_utils.git",
       {ref,"afa2da62e0e691ce33d1008cc424c994fff339bf"}},
  4},
 {<<"memory">>,
  {git,"https://github.com/Leapsight/memory.git",
       {ref,"09fac9e5aab8411380adc8b8c88a23bb5a7aef22"}},
  3},
 {<<"ranch">>,{pkg,<<"ranch">>,<<"2.2.0">>},1},
 {<<"resulto">>,{pkg,<<"resulto">>,<<"0.2.5">>},3},
 {<<"telemetry">>,{pkg,<<"telemetry">>,<<"1.3.0">>},3},
 {<<"utils">>,
  {git,"https://github.com/leapsight/utils.git",
       {ref,"cfd05ab4a02c2bfbd0ab16ae233de099a5710e21"}},
  3}]}.
[
{pkg_hash,[
 {<<"cowboy">>, <<"09D770DD5F6A22CC60C071F432CD7CB87776164527F205C5A6B0F24FF6B38990">>},
 {<<"cowlib">>, <<"318D385D55F657E9A5005838C4E426E13DCD724A691438384B6165A69687E531">>},
 {<<"jsx">>, <<"D12516BAA0BB23A59BB35DCCAF02A1BD08243FCBB9EFE24F2D9D056CCFF71268">>},
 {<<"ranch">>, <<"25528F82BC8D7C6152C57666CA99EC716510FE0925CB188172F41CE93117B1B0">>},
 {<<"resulto">>, <<"FE36BF7A4A0334C35256A0305CE8780BA0368337A99B3E750EA6FB632C5D5A31">>},
 {<<"telemetry">>, <<"FEDEBBAE410D715CF8E7062C96A1EF32EC22E764197F70CDA73D82778D61E7A2">>}]},
{pkg_hash_ext,[
 {<<"cowboy">>, <<"E724D3A70995025D654C1992C7B11DBFEA95205C047D86FF9BF1CDA92DDC5614">>},
 {<<"cowlib">>, <<"58F1E425A9E04176F1D30E20116F57C4E90EF0E187552E9741C465BDF4044F70">>},
 {<<"jsx">>, <<"0C5CC8FDC11B53CC25CF65AC6705AD39E54ECC56D1C22E4ADB8F5A53FB9427F3">>},
 {<<"ranch">>, <<"FA0B99A1780C80218A4197A59EA8D3BDAE32FBFF7E88527D7D8A4787EFF4F8E7">>},
 {<<"resulto">>, <<"4A2168C35FFFC6257BD8D566BED26560D053506DF80196B643E2B10F01A88A76">>},
 {<<"telemetry">>, <<"7015FC8919DBE63764F4B4B87A95B7C0996BD539E0D499BE6EC9D7F3875B79E6">>}]}
].
